hash: 2208cb14e60caa71ccf19aabfa09001b90492b99ec22343e392b56715f12f937
updated: 2017-05-05T08:12:54.594032909-07:00
imports:
- name: github.com/golang-collections/collections
  version: 604e922904d35e97f98a774db7881f049cd8d970
  subpackages:
  - stack
- name: github.com/peterh/liner
  version: 88609521dc4b6c858fd4c98b628147da928ce4ac
testImports: []
